
Microsoft Visual Studio Solution File, Format Version 12.00
# Visual Studio 15
VisualStudioVersion = 15.0.27703.2018
MinimumVisualStudioVersion = 10.0.40219.1
Project("{FAE04EC0-301F-11D3-BF4B-00C04F79EFBC}") = "Mobicon", "Mobicon\Mobicon.csproj", "{AE076E38-7143-4C21-B351-FB0ADBC9EA09}"
EndProject
Global
	GlobalSection(SolutionConfigurationPlatforms) = preSolution
		Debug|Any CPU = Debug|Any CPU
		Release|Any CPU = Release|Any CPU
	EndGlobalSection
	GlobalSection(ProjectConfigurationPlatforms) = postSolution
		{AE076E38-7143-4C21-B351-FB0ADBC9EA09}.Debug|Any CPU.ActiveCfg = Debug|Any CPU
		{AE076E38-7143-4C21-B351-FB0ADBC9EA09}.Debug|Any CPU.Build.0 = Debug|Any CPU
		{AE076E38-7143-4C21-B351-FB0ADBC9EA09}.Release|Any CPU.ActiveCfg = Release|Any CPU
		{AE076E38-7143-4C21-B351-FB0ADBC9EA09}.Release|Any CPU.Build.0 = Release|Any CPU
	EndGlobalSection
	GlobalSection(SolutionProperties) = preSolution
		HideSolutionNode = FALSE
	EndGlobalSection
	GlobalSection(ExtensibilityGlobals) = postSolution
		SolutionGuid = {F8FFF6E6-B864-482C-A7D6-8ADD4DAD86B3}
	EndGlobalSection
EndGlobal
